
Microsoft Visual Studio Solution File, Format Version 12.00
# Visual Studio Version 17
VisualStudioVersion = 17.9.34310.174
MinimumVisualStudioVersion = 10.0.40219.1
Project("{9A19103F-16F7-4668-BE54-9A1E7A4F7556}") = "BulkyWeb", "BulkyWeb\BulkyWeb.csproj", "{DA190884-0F17-4B05-9617-9409549191E7}"
EndProject
Project("{FAE04EC0-301F-11D3-BF4B-00C04F79EFBC}") = "BulkyWebRazor_Temp", "BulkyWebRazor_Temp\BulkyWebRazor_Temp.csproj", "{FFFAD226-1611-4A29-9A7E-54CA1E3A2E08}"
EndProject
Global
	GlobalSection(SolutionConfigurationPlatforms) = preSolution
		Debug|Any CPU = Debug|Any CPU
		Release|Any CPU = Release|Any CPU
	EndGlobalSection
	GlobalSection(ProjectConfigurationPlatforms) = postSolution
		{DA190884-0F17-4B05-9617-9409549191E7}.Debug|Any CPU.ActiveCfg = Debug|Any CPU
		{DA190884-0F17-4B05-9617-9409549191E7}.Debug|Any CPU.Build.0 = Debug|Any CPU
		{DA190884-0F17-4B05-9617-9409549191E7}.Release|Any CPU.ActiveCfg = Release|Any CPU
		{DA190884-0F17-4B05-9617-9409549191E7}.Release|Any CPU.Build.0 = Release|Any CPU
		{FFFAD226-1611-4A29-9A7E-54CA1E3A2E08}.Debug|Any CPU.ActiveCfg = Debug|Any CPU
		{FFFAD226-1611-4A29-9A7E-54CA1E3A2E08}.Debug|Any CPU.Build.0 = Debug|Any CPU
		{FFFAD226-1611-4A29-9A7E-54CA1E3A2E08}.Release|Any CPU.ActiveCfg = Release|Any CPU
		{FFFAD226-1611-4A29-9A7E-54CA1E3A2E08}.Release|Any CPU.Build.0 = Release|Any CPU
	EndGlobalSection
	GlobalSection(SolutionProperties) = preSolution
		HideSolutionNode = FALSE
	EndGlobalSection
	GlobalSection(ExtensibilityGlobals) = postSolution
		SolutionGuid = {5E34A7F5-E9B1-46DD-B8FC-B5A7E8CB4B00}
	EndGlobalSection
EndGlobal
