
Microsoft Visual Studio Solution File, Format Version 12.00
# Visual Studio Version 17
VisualStudioVersion = 17.9.34310.174
MinimumVisualStudioVersion = 10.0.40219.1
Project("{9A19103F-16F7-4668-BE54-9A1E7A4F7556}") = "BulkyBookWeb", "BulkyWeb\BulkyBookWeb.csproj", "{DA190884-0F17-4B05-9617-9409549191E7}"
EndProject
Project("{9A19103F-16F7-4668-BE54-9A1E7A4F7556}") = "BulkyBook.DataAccess", "Bulky.DataAccess\BulkyBook.DataAccess.csproj", "{DDAB39E7-A3B0-41CC-8D33-B611335692BE}"
	ProjectSection(ProjectDependencies) = postProject
		{08CC82C3-AB45-4CD5-ACA9-79778B788BB4} = {08CC82C3-AB45-4CD5-ACA9-79778B788BB4}
		{76B86C15-FBE0-42EA-997E-3975AD86FD52} = {76B86C15-FBE0-42EA-997E-3975AD86FD52}
	EndProjectSection
EndProject
Project("{9A19103F-16F7-4668-BE54-9A1E7A4F7556}") = "BulkyBook.Models", "Bulky.Models\BulkyBook.Models.csproj", "{08CC82C3-AB45-4CD5-ACA9-79778B788BB4}"
EndProject
Project("{9A19103F-16F7-4668-BE54-9A1E7A4F7556}") = "BulkyBook.Utility", "Bulky.Utility\BulkyBook.Utility.csproj", "{76B86C15-FBE0-42EA-997E-3975AD86FD52}"
EndProject
Global
	GlobalSection(SolutionConfigurationPlatforms) = preSolution
		Debug|Any CPU = Debug|Any CPU
		Release|Any CPU = Release|Any CPU
	EndGlobalSection
	GlobalSection(ProjectConfigurationPlatforms) = postSolution
		{DA190884-0F17-4B05-9617-9409549191E7}.Debug|Any CPU.ActiveCfg = Debug|Any CPU
		{DA190884-0F17-4B05-9617-9409549191E7}.Debug|Any CPU.Build.0 = Debug|Any CPU
		{DA190884-0F17-4B05-9617-9409549191E7}.Release|Any CPU.ActiveCfg = Release|Any CPU
		{DA190884-0F17-4B05-9617-9409549191E7}.Release|Any CPU.Build.0 = Release|Any CPU
		{DDAB39E7-A3B0-41CC-8D33-B611335692BE}.Debug|Any CPU.ActiveCfg = Debug|Any CPU
		{DDAB39E7-A3B0-41CC-8D33-B611335692BE}.Debug|Any CPU.Build.0 = Debug|Any CPU
		{DDAB39E7-A3B0-41CC-8D33-B611335692BE}.Release|Any CPU.ActiveCfg = Release|Any CPU
		{DDAB39E7-A3B0-41CC-8D33-B611335692BE}.Release|Any CPU.Build.0 = Release|Any CPU
		{08CC82C3-AB45-4CD5-ACA9-79778B788BB4}.Debug|Any CPU.ActiveCfg = Debug|Any CPU
		{08CC82C3-AB45-4CD5-ACA9-79778B788BB4}.Debug|Any CPU.Build.0 = Debug|Any CPU
		{08CC82C3-AB45-4CD5-ACA9-79778B788BB4}.Release|Any CPU.ActiveCfg = Release|Any CPU
		{08CC82C3-AB45-4CD5-ACA9-79778B788BB4}.Release|Any CPU.Build.0 = Release|Any CPU
		{76B86C15-FBE0-42EA-997E-3975AD86FD52}.Debug|Any CPU.ActiveCfg = Debug|Any CPU
		{76B86C15-FBE0-42EA-997E-3975AD86FD52}.Debug|Any CPU.Build.0 = Debug|Any CPU
		{76B86C15-FBE0-42EA-997E-3975AD86FD52}.Release|Any CPU.ActiveCfg = Release|Any CPU
		{76B86C15-FBE0-42EA-997E-3975AD86FD52}.Release|Any CPU.Build.0 = Release|Any CPU
	EndGlobalSection
	GlobalSection(SolutionProperties) = preSolution
		HideSolutionNode = FALSE
	EndGlobalSection
	GlobalSection(ExtensibilityGlobals) = postSolution
		SolutionGuid = {5E34A7F5-E9B1-46DD-B8FC-B5A7E8CB4B00}
	EndGlobalSection
EndGlobal
